
Microsoft Visual Studio Solution File, Format Version 12.00
# Visual Studio Version 17
VisualStudioVersion = 17.3.32819.101
MinimumVisualStudioVersion = 10.0.40219.1
Project("{9A19103F-16F7-4668-BE54-9A1E7A4F7556}") = "DeviceInfoSyncClient", "DeviceInfoSyncClient\DeviceInfoSyncClient.csproj", "{43489D8D-EA63-4DA4-8A9A-E3D5637B6D26}"
EndProject
Project("{2150E333-8FDC-42A3-9474-1A3956D46DE8}") = "解决方案项", "解决方案项", "{5285FB07-E388-4FB3-829F-7F79CE2D715D}"
EndProject
Global
	GlobalSection(SolutionConfigurationPlatforms) = preSolution
		Debug|Any CPU = Debug|Any CPU
		Release|Any CPU = Release|Any CPU
	EndGlobalSection
	GlobalSection(ProjectConfigurationPlatforms) = postSolution
		{43489D8D-EA63-4DA4-8A9A-E3D5637B6D26}.Debug|Any CPU.ActiveCfg = Debug|Any CPU
		{43489D8D-EA63-4DA4-8A9A-E3D5637B6D26}.Debug|Any CPU.Build.0 = Debug|Any CPU
		{43489D8D-EA63-4DA4-8A9A-E3D5637B6D26}.Release|Any CPU.ActiveCfg = Release|Any CPU
		{43489D8D-EA63-4DA4-8A9A-E3D5637B6D26}.Release|Any CPU.Build.0 = Release|Any CPU
	EndGlobalSection
	GlobalSection(SolutionProperties) = preSolution
		HideSolutionNode = FALSE
	EndGlobalSection
	GlobalSection(ExtensibilityGlobals) = postSolution
		SolutionGuid = {39793E9E-2409-4F64-9E62-481458187234}
	EndGlobalSection
EndGlobal
